
Microsoft Visual Studio Solution File, Format Version 12.00
# Visual Studio Version 17
VisualStudioVersion = 17.5.33414.496
MinimumVisualStudioVersion = 10.0.40219.1
Project("{FAE04EC0-301F-11D3-BF4B-00C04F79EFBC}") = "Exo6", "Exo6.csproj", "{268F126B-6D27-4E3B-A3A6-C45E38A20BE1}"
EndProject
Global
	GlobalSection(SolutionConfigurationPlatforms) = preSolution
		Debug|Any CPU = Debug|Any CPU
		Release|Any CPU = Release|Any CPU
	EndGlobalSection
	GlobalSection(ProjectConfigurationPlatforms) = postSolution
		{268F126B-6D27-4E3B-A3A6-C45E38A20BE1}.Debug|Any CPU.ActiveCfg = Debug|Any CPU
		{268F126B-6D27-4E3B-A3A6-C45E38A20BE1}.Debug|Any CPU.Build.0 = Debug|Any CPU
		{268F126B-6D27-4E3B-A3A6-C45E38A20BE1}.Release|Any CPU.ActiveCfg = Release|Any CPU
		{268F126B-6D27-4E3B-A3A6-C45E38A20BE1}.Release|Any CPU.Build.0 = Release|Any CPU
	EndGlobalSection
	GlobalSection(SolutionProperties) = preSolution
		HideSolutionNode = FALSE
	EndGlobalSection
	GlobalSection(ExtensibilityGlobals) = postSolution
		SolutionGuid = {D4144AF0-1609-4F30-95F3-C3CB1DD63E77}
	EndGlobalSection
EndGlobal
